
Microsoft Visual Studio Solution File, Format Version 10.00
# Visual Studio 2008
Project("{FAE04EC0-301F-11D3-BF4B-00C04F79EFBC}") = "xTorrent", "xTorrent\xTorrent.csproj", "{947F53D2-F9D7-458E-9978-6E065166D30B}"
EndProject
Global
	GlobalSection(SolutionConfigurationPlatforms) = preSolution
		Debug|Any CPU = Debug|Any CPU
		Release|Any CPU = Release|Any CPU
	EndGlobalSection
	GlobalSection(ProjectConfigurationPlatforms) = postSolution
		{947F53D2-F9D7-458E-9978-6E065166D30B}.Debug|Any CPU.ActiveCfg = Debug|Any CPU
		{947F53D2-F9D7-458E-9978-6E065166D30B}.Debug|Any CPU.Build.0 = Debug|Any CPU
		{947F53D2-F9D7-458E-9978-6E065166D30B}.Release|Any CPU.ActiveCfg = Release|Any CPU
		{947F53D2-F9D7-458E-9978-6E065166D30B}.Release|Any CPU.Build.0 = Release|Any CPU
	EndGlobalSection
	GlobalSection(SolutionProperties) = preSolution
		HideSolutionNode = FALSE
	EndGlobalSection
EndGlobal
